{
  "name": "ai-ddd-devtrack",
  "lockfileVersion": 3,
  "requires": true,
  "packages": {
    "": {
      "devDependencies": {
        "diff2prompt": "^0.0.15"
      }
    },
    "node_modules/diff2prompt": {
      "version": "0.0.15",
      "resolved": "https://registry.npmjs.org/diff2prompt/-/diff2prompt-0.0.15.tgz",
      "integrity": "sha512-MK3dXzXdiTh7ljnT5N1RycvVfUHinxjY5ebV+/URn5O+NnEYwD97DxvpVfO6VjNhZIwDS7vR6rONqV8wgPU7qw==",
      "dev": true,
      "license": "MIT",
      "bin": {
        "diff2prompt": "dist/index.js"
      }
    }
  }
}
